
Microsoft Visual Studio Solution File, Format Version 12.00
Project("{FAE04EC0-301F-11D3-BF4B-00C04F79EFBC}") = "CryptoRate.Core", "src\CryptoRate.Core\CryptoRate.Core.csproj", "{E53173DD-012D-41C8-BA6C-640D587319B6}"
EndProject
Project("{FAE04EC0-301F-11D3-BF4B-00C04F79EFBC}") = "CryptoRate.Bot", "src\CryptoRate.Bot\CryptoRate.Bot.csproj", "{E8C2D49A-1BCC-4667-A7F4-D6AF48DEFB80}"
EndProject
Project("{FAE04EC0-301F-11D3-BF4B-00C04F79EFBC}") = "CryptoRate.Console", "src\CryptoRate.Console\CryptoRate.Console.csproj", "{30D1C0E0-C94F-43AF-A745-F270D123486E}"
EndProject
Project("{2150E333-8FDC-42A3-9474-1A3956D46DE8}") = "src", "src", "{6C7DCF0C-4914-4F2F-8AB9-E048574428F4}"
EndProject
Project("{2150E333-8FDC-42A3-9474-1A3956D46DE8}") = "test", "test", "{3745DD3B-9CBC-4291-B824-FFBAF3354D65}"
EndProject
Project("{FAE04EC0-301F-11D3-BF4B-00C04F79EFBC}") = "CryptoRate.Core.UnitTests", "test\UnitTests\CryptoRate.Core.UnitTests\CryptoRate.Core.UnitTests.csproj", "{8E0D82FF-291D-4042-91DA-D215B0E5C471}"
EndProject
Project("{2150E333-8FDC-42A3-9474-1A3956D46DE8}") = "IntegrationTests", "IntegrationTests", "{AF46F018-A872-4F68-959B-D69391431A29}"
EndProject
Project("{FAE04EC0-301F-11D3-BF4B-00C04F79EFBC}") = "CryptoRate.Core.IntegrationTests", "test\IntegrationTests\CryptoRate.Core.IntegrationTests\CryptoRate.Core.IntegrationTests.csproj", "{31F4DB89-2105-4936-8F0B-7A9048B41AC8}"
EndProject
Project("{2150E333-8FDC-42A3-9474-1A3956D46DE8}") = "UnitTests", "UnitTests", "{7BCD99EE-DC47-44D8-8D91-FAD70880BB64}"
EndProject
Global
	GlobalSection(SolutionConfigurationPlatforms) = preSolution
		Debug|Any CPU = Debug|Any CPU
		Release|Any CPU = Release|Any CPU
	EndGlobalSection
	GlobalSection(ProjectConfigurationPlatforms) = postSolution
		{E53173DD-012D-41C8-BA6C-640D587319B6}.Debug|Any CPU.ActiveCfg = Debug|Any CPU
		{E53173DD-012D-41C8-BA6C-640D587319B6}.Debug|Any CPU.Build.0 = Debug|Any CPU
		{E53173DD-012D-41C8-BA6C-640D587319B6}.Release|Any CPU.ActiveCfg = Release|Any CPU
		{E53173DD-012D-41C8-BA6C-640D587319B6}.Release|Any CPU.Build.0 = Release|Any CPU
		{E8C2D49A-1BCC-4667-A7F4-D6AF48DEFB80}.Debug|Any CPU.ActiveCfg = Debug|Any CPU
		{E8C2D49A-1BCC-4667-A7F4-D6AF48DEFB80}.Debug|Any CPU.Build.0 = Debug|Any CPU
		{E8C2D49A-1BCC-4667-A7F4-D6AF48DEFB80}.Release|Any CPU.ActiveCfg = Release|Any CPU
		{E8C2D49A-1BCC-4667-A7F4-D6AF48DEFB80}.Release|Any CPU.Build.0 = Release|Any CPU
		{30D1C0E0-C94F-43AF-A745-F270D123486E}.Debug|Any CPU.ActiveCfg = Debug|Any CPU
		{30D1C0E0-C94F-43AF-A745-F270D123486E}.Debug|Any CPU.Build.0 = Debug|Any CPU
		{30D1C0E0-C94F-43AF-A745-F270D123486E}.Release|Any CPU.ActiveCfg = Release|Any CPU
		{30D1C0E0-C94F-43AF-A745-F270D123486E}.Release|Any CPU.Build.0 = Release|Any CPU
		{8E0D82FF-291D-4042-91DA-D215B0E5C471}.Debug|Any CPU.ActiveCfg = Debug|Any CPU
		{8E0D82FF-291D-4042-91DA-D215B0E5C471}.Debug|Any CPU.Build.0 = Debug|Any CPU
		{8E0D82FF-291D-4042-91DA-D215B0E5C471}.Release|Any CPU.ActiveCfg = Release|Any CPU
		{8E0D82FF-291D-4042-91DA-D215B0E5C471}.Release|Any CPU.Build.0 = Release|Any CPU
		{31F4DB89-2105-4936-8F0B-7A9048B41AC8}.Debug|Any CPU.ActiveCfg = Debug|Any CPU
		{31F4DB89-2105-4936-8F0B-7A9048B41AC8}.Debug|Any CPU.Build.0 = Debug|Any CPU
		{31F4DB89-2105-4936-8F0B-7A9048B41AC8}.Release|Any CPU.ActiveCfg = Release|Any CPU
		{31F4DB89-2105-4936-8F0B-7A9048B41AC8}.Release|Any CPU.Build.0 = Release|Any CPU
	EndGlobalSection
	GlobalSection(NestedProjects) = preSolution
		{E8C2D49A-1BCC-4667-A7F4-D6AF48DEFB80} = {6C7DCF0C-4914-4F2F-8AB9-E048574428F4}
		{E53173DD-012D-41C8-BA6C-640D587319B6} = {6C7DCF0C-4914-4F2F-8AB9-E048574428F4}
		{30D1C0E0-C94F-43AF-A745-F270D123486E} = {6C7DCF0C-4914-4F2F-8AB9-E048574428F4}
		{01899B18-6A80-4B4A-A71A-39A58DF4F012} = {3745DD3B-9CBC-4291-B824-FFBAF3354D65}
		{AF46F018-A872-4F68-959B-D69391431A29} = {3745DD3B-9CBC-4291-B824-FFBAF3354D65}
		{31F4DB89-2105-4936-8F0B-7A9048B41AC8} = {AF46F018-A872-4F68-959B-D69391431A29}
		{7BCD99EE-DC47-44D8-8D91-FAD70880BB64} = {3745DD3B-9CBC-4291-B824-FFBAF3354D65}
		{8E0D82FF-291D-4042-91DA-D215B0E5C471} = {7BCD99EE-DC47-44D8-8D91-FAD70880BB64}
	EndGlobalSection
EndGlobal
